PODS:
  - KKPlayerViewController (0.1)

DEPENDENCIES:
  - KKPlayerViewController (from `../`)

EXTERNAL SOURCES:
  KKPlayerViewController:
    :path: ../

SPEC CHECKSUMS:
  KKPlayerViewController: 229de5ab39cf7e5e23a85913e97cb724ab3dcd1e

PODFILE CHECKSUM: 5fc5734665816bfd31898776e074032fe1d4fac3

COCOAPODS: 1.1.0.beta.1
